
Microsoft Visual Studio Solution File, Format Version 12.00
# Visual Studio Version 17
VisualStudioVersion = 17.13.35806.99
MinimumVisualStudioVersion = 10.0.40219.1
Project("{FAE04EC0-301F-11D3-BF4B-00C04F79EFBC}") = "MyGarden2", "MyGarden2.csproj", "{B8BCFDE9-0919-44FD-8D82-1B67F905D7CA}"
EndProject
Global
	GlobalSection(SolutionConfigurationPlatforms) = preSolution
		Debug|Any CPU = Debug|Any CPU
		Release|Any CPU = Release|Any CPU
	EndGlobalSection
	GlobalSection(ProjectConfigurationPlatforms) = postSolution
		{B8BCFDE9-0919-44FD-8D82-1B67F905D7CA}.Debug|Any CPU.ActiveCfg = Debug|Any CPU
		{B8BCFDE9-0919-44FD-8D82-1B67F905D7CA}.Debug|Any CPU.Build.0 = Debug|Any CPU
		{B8BCFDE9-0919-44FD-8D82-1B67F905D7CA}.Release|Any CPU.ActiveCfg = Release|Any CPU
		{B8BCFDE9-0919-44FD-8D82-1B67F905D7CA}.Release|Any CPU.Build.0 = Release|Any CPU
	EndGlobalSection
	GlobalSection(SolutionProperties) = preSolution
		HideSolutionNode = FALSE
	EndGlobalSection
	GlobalSection(ExtensibilityGlobals) = postSolution
		SolutionGuid = {995653EA-99F8-4281-9E4E-68F45E907870}
	EndGlobalSection
EndGlobal
